
Microsoft Visual Studio Solution File, Format Version 12.00
# Visual Studio Version 17
VisualStudioVersion = 17.7.34031.279
MinimumVisualStudioVersion = 10.0.40219.1
Project("{F184B08F-C81C-45F6-A57F-5ABD9991F28F}") = "Examination Management System", "Examination Management System.vbproj", "{5979BAC6-428A-44B8-BFA7-6040617E62B8}"
EndProject
Global
	GlobalSection(SolutionConfigurationPlatforms) = preSolution
		Debug|Any CPU = Debug|Any CPU
		Release|Any CPU = Release|Any CPU
	EndGlobalSection
	GlobalSection(ProjectConfigurationPlatforms) = postSolution
		{5979BAC6-428A-44B8-BFA7-6040617E62B8}.Debug|Any CPU.ActiveCfg = Debug|Any CPU
		{5979BAC6-428A-44B8-BFA7-6040617E62B8}.Debug|Any CPU.Build.0 = Debug|Any CPU
		{5979BAC6-428A-44B8-BFA7-6040617E62B8}.Release|Any CPU.ActiveCfg = Release|Any CPU
		{5979BAC6-428A-44B8-BFA7-6040617E62B8}.Release|Any CPU.Build.0 = Release|Any CPU
	EndGlobalSection
	GlobalSection(SolutionProperties) = preSolution
		HideSolutionNode = FALSE
	EndGlobalSection
	GlobalSection(ExtensibilityGlobals) = postSolution
		SolutionGuid = {643CA963-12AF-4FB2-A524-9897D9225613}
	EndGlobalSection
EndGlobal
